lockfileVersion: 5.4

specifiers:
  '@types/validator': ^13.7.7
  hono: ^2.2.3
  nanoid: ^4.0.0
  validator: ^13.7.0

dependencies:
  hono: 2.2.3
  nanoid: 4.0.0
  validator: 13.7.0

devDependencies:
  '@types/validator': 13.7.7

packages:

  /@types/validator/13.7.7:
    resolution: {integrity: sha512-jiEw2kTUJ8Jsh4A1K4b5Pkjj9Xz6FktLLOQ36ZVLRkmxFbpTvAV2VRoKMojz8UlZxNg/2dZqzpigH4JYn1bkQg==}
    dev: true

  /hono/2.2.3:
    resolution: {integrity: sha512-Xtokmfyt7Np6S/FIqFAFRuu+7vU7juJF3ApmRjg5cQLsrVEO19icy2Ux/MJ5eV8sDzFgHUmUegI+O/zD4Cam9w==}
    engines: {node: '>=16.0.0'}
    dev: false

  /nanoid/4.0.0:
    resolution: {integrity: sha512-IgBP8piMxe/gf73RTQx7hmnhwz0aaEXYakvqZyE302IXW3HyVNhdNGC+O2MwMAVhLEnvXlvKtGbtJf6wvHihCg==}
    engines: {node: ^14 || ^16 || >=18}
    hasBin: true
    dev: false

  /validator/13.7.0:
    resolution: {integrity: sha512-nYXQLCBkpJ8X6ltALua9dRrZDHVYxjJ1wgskNt1lH9fzGjs3tgojGSCBjmEPwkWS1y29+DrizMTW19Pr9uB2nw==}
    engines: {node: '>= 0.10'}
    dev: false
