lockfileVersion: 5.4

specifiers:
  hono: ^2.2.3
  nanoid: ^4.0.0

dependencies:
  hono: 2.2.3
  nanoid: 4.0.0

packages:

  /hono/2.2.3:
    resolution: {integrity: sha512-Xtokmfyt7Np6S/FIqFAFRuu+7vU7juJF3ApmRjg5cQLsrVEO19icy2Ux/MJ5eV8sDzFgHUmUegI+O/zD4Cam9w==}
    engines: {node: '>=16.0.0'}
    dev: false

  /nanoid/4.0.0:
    resolution: {integrity: sha512-IgBP8piMxe/gf73RTQx7hmnhwz0aaEXYakvqZyE302IXW3HyVNhdNGC+O2MwMAVhLEnvXlvKtGbtJf6wvHihCg==}
    engines: {node: ^14 || ^16 || >=18}
    hasBin: true
    dev: false
